{
  "nodes": {
    "ags": {
      "inputs": {
        "astal": [
          "astal"
        ],
        "nixpkgs": [
          "nixpkgs"
        ]
      },
      "locked": {
        "lastModified": 1764289441,
        "narHash": "sha256-ak+lgFiYE5PHByN1/BRkO5JP498hno6Ix24C1Qf/vec=",
        "owner": "aylur",
        "repo": "ags",
        "rev": "e169694390548dfd38ff40f1ef2163d6c3ffe3ea",
        "type": "github"
      },
      "original": {
        "owner": "aylur",
        "repo": "ags",
        "type": "github"
      }
    },
    "astal": {
      "inputs": {
        "nixpkgs": [
          "nixpkgs"
        ]
      },
      "locked": {
        "lastModified": 1765341517,
        "narHash": "sha256-4WAab6GmBTjpkm1I6vaWAiFdnuDCo7wMXLegGCXbuSs=",
        "owner": "sameoldlab",
        "repo": "astal",
        "rev": "8ebaca7f913ea2c1af48a5adb424a0122d4a8cb1",
        "type": "github"
      },
      "original": {
        "owner": "sameoldlab",
        "ref": "feat/niri",
        "repo": "astal",
        "type": "github"
      }
    },
    "nixpkgs": {
      "locked": {
        "lastModified": 1771008912,
        "narHash": "sha256-gf2AmWVTs8lEq7z/3ZAsgnZDhWIckkb+ZnAo5RzSxJg=",
        "owner": "nixos",
        "repo": "nixpkgs",
        "rev": "a82ccc39b39b621151d6732718e3e250109076fa",
        "type": "github"
      },
      "original": {
        "owner": "nixos",
        "ref": "nixos-unstable",
        "repo": "nixpkgs",
        "type": "github"
      }
    },
    "root": {
      "inputs": {
        "ags": "ags",
        "astal": "astal",
        "nixpkgs": "nixpkgs"
      }
    }
  },
  "root": "root",
  "version": 7
}
